
Microsoft Visual Studio Solution File, Format Version 12.00
# Visual Studio Version 17
VisualStudioVersion = 17.9.34728.123
MinimumVisualStudioVersion = 10.0.40219.1
Project("{FAE04EC0-301F-11D3-BF4B-00C04F79EFBC}") = "TehxStore", "TehxStore\TehxStore.csproj", "{B29AB03C-6B27-41C3-B2A6-FC627A6FEB77}"
EndProject
Global
	GlobalSection(SolutionConfigurationPlatforms) = preSolution
		Debug|Any CPU = Debug|Any CPU
		Release|Any CPU = Release|Any CPU
	EndGlobalSection
	GlobalSection(ProjectConfigurationPlatforms) = postSolution
		{B29AB03C-6B27-41C3-B2A6-FC627A6FEB77}.Debug|Any CPU.ActiveCfg = Debug|Any CPU
		{B29AB03C-6B27-41C3-B2A6-FC627A6FEB77}.Debug|Any CPU.Build.0 = Debug|Any CPU
		{B29AB03C-6B27-41C3-B2A6-FC627A6FEB77}.Release|Any CPU.ActiveCfg = Release|Any CPU
		{B29AB03C-6B27-41C3-B2A6-FC627A6FEB77}.Release|Any CPU.Build.0 = Release|Any CPU
	EndGlobalSection
	GlobalSection(SolutionProperties) = preSolution
		HideSolutionNode = FALSE
	EndGlobalSection
	GlobalSection(ExtensibilityGlobals) = postSolution
		SolutionGuid = {05421D2B-F3D4-4A61-8F65-A449C73087E6}
	EndGlobalSection
EndGlobal
